
Microsoft Visual Studio Solution File, Format Version 12.00
# Visual Studio Version 16
VisualStudioVersion = 16.0.30330.147
MinimumVisualStudioVersion = 10.0.40219.1
Project("{2150E333-8FDC-42A3-9474-1A3956D46DE8}") = "Feature", "Feature", "{6B65981A-9ADB-490A-A4A5-672728D773E2}"
EndProject
Project("{FAE04EC0-301F-11D3-BF4B-00C04F79EFBC}") = "Feature.ListManager", "Feature\code\Feature.ListManager.csproj", "{82BFDB5A-2BCA-4DAA-B3C4-FAA9E0008B49}"
EndProject
Global
	GlobalSection(SolutionConfigurationPlatforms) = preSolution
		Debug|Any CPU = Debug|Any CPU
		Release|Any CPU = Release|Any CPU
	EndGlobalSection
	GlobalSection(ProjectConfigurationPlatforms) = postSolution
		{82BFDB5A-2BCA-4DAA-B3C4-FAA9E0008B49}.Debug|Any CPU.ActiveCfg = Debug|Any CPU
		{82BFDB5A-2BCA-4DAA-B3C4-FAA9E0008B49}.Debug|Any CPU.Build.0 = Debug|Any CPU
		{82BFDB5A-2BCA-4DAA-B3C4-FAA9E0008B49}.Release|Any CPU.ActiveCfg = Release|Any CPU
		{82BFDB5A-2BCA-4DAA-B3C4-FAA9E0008B49}.Release|Any CPU.Build.0 = Release|Any CPU
	EndGlobalSection
	GlobalSection(SolutionProperties) = preSolution
		HideSolutionNode = FALSE
	EndGlobalSection
	GlobalSection(NestedProjects) = preSolution
		{82BFDB5A-2BCA-4DAA-B3C4-FAA9E0008B49} = {6B65981A-9ADB-490A-A4A5-672728D773E2}
	EndGlobalSection
	GlobalSection(ExtensibilityGlobals) = postSolution
		SolutionGuid = {A1102A57-E848-4167-804F-E69C15A95D40}
	EndGlobalSection
EndGlobal
